// !$*UTF8*$!
{
	archiveVersion = 1;
	classes = {
	};
	objectVersion = 55;
	objects = {

/* Begin PBXBuildFile section */
		C0DDC77228A37C5C001AE986 /* ChatBot_ExApp.swift in Sources */ = {isa = PBXBuildFile; fileRef = C0DDC77128A37C5C001AE986 /* ChatBot_ExApp.swift */; };
		C0DDC77428A37C5C001AE986 /* ContentView.swift in Sources */ = {isa = PBXBuildFile; fileRef = C0DDC77328A37C5C001AE986 /* ContentView.swift */; };
		C0DDC77628A37C5E001AE986 /* Assets.xcassets in Resources */ = {isa = PBXBuildFile; fileRef = C0DDC77528A37C5E001AE986 /* Assets.xcassets */; };
		C0DDC77928A37C5E001AE986 /* Preview Assets.xcassets in Resources */ = {isa = PBXBuildFile; fileRef = C0DDC77828A37C5E001AE986 /* Preview Assets.xcassets */; };
		C0DDC78328A37C5E001AE986 /* ChatBot_ExTests.swift in Sources */ = {isa = PBXBuildFile; fileRef = C0DDC78228A37C5E001AE986 /* ChatBot_ExTests.swift */; };
		C0DDC78D28A37C5E001AE986 /* ChatBot_ExUITests.swift in Sources */ = {isa = PBXBuildFile; fileRef = C0DDC78C28A37C5E001AE986 /* ChatBot_ExUITests.swift */; };
		C0DDC78F28A37C5E001AE986 /* ChatBot_ExUITestsLaunchTests.swift in Sources */ = {isa = PBXBuildFile; fileRef = C0DDC78E28A37C5E001AE986 /* ChatBot_ExUITestsLaunchTests.swift */; };
		C0DDC79C28A382ED001AE986 /* BotResponse.swift in Sources */ = {isa = PBXBuildFile; fileRef = C0DDC79B28A382ED001AE986 /* BotResponse.swift */; };
/* End PBXBuildFile section */

/* Begin PBXContainerItemProxy section */
		C0DDC77F28A37C5E001AE986 /* PBXContainerItemProxy */ = {
			isa = PBXContainerItemProxy;
			containerPortal = C0DDC76628A37C5C001AE986 /* Project object */;
			proxyType = 1;
			remoteGlobalIDString = C0DDC76D28A37C5C001AE986;
			remoteInfo = ChatBot_Ex;
		};
		C0DDC78928A37C5E001AE986 /* PBXContainerItemProxy */ = {
			isa = PBXContainerItemProxy;
			containerPortal = C0DDC76628A37C5C001AE986 /* Project object */;
			proxyType = 1;
			remoteGlobalIDString = C0DDC76D28A37C5C001AE986;
			remoteInfo = ChatBot_Ex;
		};
/* End PBXContainerItemProxy section */

/* Begin PBXFileReference section */
		C0DDC76E28A37C5C001AE986 /* ChatBot_Ex.app */ = {isa = PBXFileReference; explicitFileType = wrapper.application; includeInIndex = 0; path = ChatBot_Ex.app; sourceTree = BUILT_PRODUCTS_DIR; };
		C0DDC77128A37C5C001AE986 /* ChatBot_ExApp.swift */ = {isa = PBXFileReference; lastKnownFileType = sourcecode.swift; path = ChatBot_ExApp.swift; sourceTree = "<group>"; };
		C0DDC77328A37C5C001AE986 /* ContentView.swift */ = {isa = PBXFileReference; lastKnownFileType = sourcecode.swift; path = ContentView.swift; sourceTree = "<group>"; };
		C0DDC77528A37C5E001AE986 /* Assets.xcassets */ = {isa = PBXFileReference; lastKnownFileType = folder.assetcatalog; path = Assets.xcassets; sourceTree = "<group>"; };
		C0DDC77828A37C5E001AE986 /* Preview Assets.xcassets */ = {isa = PBXFileReference; lastKnownFileType = folder.assetcatalog; path = "Preview Assets.xcassets"; sourceTree = "<group>"; };
		C0DDC77E28A37C5E001AE986 /* ChatBot_ExTests.xctest */ = {isa = PBXFileReference; explicitFileType = wrapper.cfbundle; includeInIndex = 0; path = ChatBot_ExTests.xctest; sourceTree = BUILT_PRODUCTS_DIR; };
		C0DDC78228A37C5E001AE986 /* ChatBot_ExTests.swift */ = {isa = PBXFileReference; lastKnownFileType = sourcecode.swift; path = ChatBot_ExTests.swift; sourceTree = "<group>"; };
		C0DDC78828A37C5E001AE986 /* ChatBot_ExUITests.xctest */ = {isa = PBXFileReference; explicitFileType = wrapper.cfbundle; includeInIndex = 0; path = ChatBot_ExUITests.xctest; sourceTree = BUILT_PRODUCTS_DIR; };
		C0DDC78C28A37C5E001AE986 /* ChatBot_ExUITests.swift */ = {isa = PBXFileReference; lastKnownFileType = sourcecode.swift; path = ChatBot_ExUITests.swift; sourceTree = "<group>"; };
		C0DDC78E28A37C5E001AE986 /* ChatBot_ExUITestsLaunchTests.swift */ = {isa = PBXFileReference; lastKnownFileType = sourcecode.swift; path = ChatBot_ExUITestsLaunchTests.swift; sourceTree = "<group>"; };
		C0DDC79B28A382ED001AE986 /* BotResponse.swift */ = {isa = PBXFileReference; lastKnownFileType = sourcecode.swift; path = BotResponse.swift; sourceTree = "<group>"; };
/* End PBXFileReference section */

/* Begin PBXFrameworksBuildPhase section */
		C0DDC76B28A37C5C001AE986 /* Frameworks */ = {
			isa = PBXFrameworksBuildPhase;
			buildActionMask = 2147483647;
			files = (
			);
			runOnlyForDeploymentPostprocessing = 0;
		};
		C0DDC77B28A37C5E001AE986 /* Frameworks */ = {
			isa = PBXFrameworksBuildPhase;
			buildActionMask = 2147483647;
			files = (
			);
			runOnlyForDeploymentPostprocessing = 0;
		};
		C0DDC78528A37C5E001AE986 /* Frameworks */ = {
			isa = PBXFrameworksBuildPhase;
			buildActionMask = 2147483647;
			files = (
			);
			runOnlyForDeploymentPostprocessing = 0;
		};
/* End PBXFrameworksBuildPhase section */

/* Begin PBXGroup section */
		C0DDC76528A37C5C001AE986 = {
			isa = PBXGroup;
			children = (
				C0DDC77028A37C5C001AE986 /* ChatBot_Ex */,
				C0DDC78128A37C5E001AE986 /* ChatBot_ExTests */,
				C0DDC78B28A37C5E001AE986 /* ChatBot_ExUITests */,
				C0DDC76F28A37C5C001AE986 /* Products */,
			);
			sourceTree = "<group>";
		};
		C0DDC76F28A37C5C001AE986 /* Products */ = {
			isa = PBXGroup;
			children = (
				C0DDC76E28A37C5C001AE986 /* ChatBot_Ex.app */,
				C0DDC77E28A37C5E001AE986 /* ChatBot_ExTests.xctest */,
				C0DDC78828A37C5E001AE986 /* ChatBot_ExUITests.xctest */,
			);
			name = Products;
			sourceTree = "<group>";
		};
		C0DDC77028A37C5C001AE986 /* ChatBot_Ex */ = {
			isa = PBXGroup;
			children = (
				C0DDC77128A37C5C001AE986 /* ChatBot_ExApp.swift */,
				C0DDC77328A37C5C001AE986 /* ContentView.swift */,
				C0DDC77528A37C5E001AE986 /* Assets.xcassets */,
				C0DDC77728A37C5E001AE986 /* Preview Content */,
				C0DDC79B28A382ED001AE986 /* BotResponse.swift */,
			);
			path = ChatBot_Ex;
			sourceTree = "<group>";
		};
		C0DDC77728A37C5E001AE986 /* Preview Content */ = {
			isa = PBXGroup;
			children = (
				C0DDC77828A37C5E001AE986 /* Preview Assets.xcassets */,
			);
			path = "Preview Content";
			sourceTree = "<group>";
		};
		C0DDC78128A37C5E001AE986 /* ChatBot_ExTests */ = {
			isa = PBXGroup;
			children = (
				C0DDC78228A37C5E001AE986 /* ChatBot_ExTests.swift */,
			);
			path = ChatBot_ExTests;
			sourceTree = "<group>";
		};
		C0DDC78B28A37C5E001AE986 /* ChatBot_ExUITests */ = {
			isa = PBXGroup;
			children = (
				C0DDC78C28A37C5E001AE986 /* ChatBot_ExUITests.swift */,
				C0DDC78E28A37C5E001AE986 /* ChatBot_ExUITestsLaunchTests.swift */,
			);
			path = ChatBot_ExUITests;
			sourceTree = "<group>";
		};
/* End PBXGroup section */

/* Begin PBXNativeTarget section */
		C0DDC76D28A37C5C001AE986 /* ChatBot_Ex */ = {
			isa = PBXNativeTarget;
			buildConfigurationList = C0DDC79228A37C5E001AE986 /* Build configuration list for PBXNativeTarget "ChatBot_Ex" */;
			buildPhases = (
				C0DDC76A28A37C5C001AE986 /* Sources */,
				C0DDC76B28A37C5C001AE986 /* Frameworks */,
				C0DDC76C28A37C5C001AE986 /* Resources */,
			);
			buildRules = (
			);
			dependencies = (
			);
			name = ChatBot_Ex;
			productName = ChatBot_Ex;
			productReference = C0DDC76E28A37C5C001AE986 /* ChatBot_Ex.app */;
			productType = "com.apple.product-type.application";
		};
		C0DDC77D28A37C5E001AE986 /* ChatBot_ExTests */ = {
			isa = PBXNativeTarget;
			buildConfigurationList = C0DDC79528A37C5E001AE986 /* Build configuration list for PBXNativeTarget "ChatBot_ExTests" */;
			buildPhases = (
				C0DDC77A28A37C5E001AE986 /* Sources */,
				C0DDC77B28A37C5E001AE986 /* Frameworks */,
				C0DDC77C28A37C5E001AE986 /* Resources */,
			);
			buildRules = (
			);
			dependencies = (
				C0DDC78028A37C5E001AE986 /* PBXTargetDependency */,
			);
			name = ChatBot_ExTests;
			productName = ChatBot_ExTests;
			productReference = C0DDC77E28A37C5E001AE986 /* ChatBot_ExTests.xctest */;
			productType = "com.apple.product-type.bundle.unit-test";
		};
		C0DDC78728A37C5E001AE986 /* ChatBot_ExUITests */ = {
			isa = PBXNativeTarget;
			buildConfigurationList = C0DDC79828A37C5E001AE986 /* Build configuration list for PBXNativeTarget "ChatBot_ExUITests" */;
			buildPhases = (
				C0DDC78428A37C5E001AE986 /* Sources */,
				C0DDC78528A37C5E001AE986 /* Frameworks */,
				C0DDC78628A37C5E001AE986 /* Resources */,
			);
			buildRules = (
			);
			dependencies = (
				C0DDC78A28A37C5E001AE986 /* PBXTargetDependency */,
			);
			name = ChatBot_ExUITests;
			productName = ChatBot_ExUITests;
			productReference = C0DDC78828A37C5E001AE986 /* ChatBot_ExUITests.xctest */;
			productType = "com.apple.product-type.bundle.ui-testing";
		};
/* End PBXNativeTarget section */

/* Begin PBXProject section */
		C0DDC76628A37C5C001AE986 /* Project object */ = {
			isa = PBXProject;
			attributes = {
				BuildIndependentTargetsInParallel = 1;
				LastSwiftUpdateCheck = 1340;
				LastUpgradeCheck = 1340;
				TargetAttributes = {
					C0DDC76D28A37C5C001AE986 = {
						CreatedOnToolsVersion = 13.4.1;
					};
					C0DDC77D28A37C5E001AE986 = {
						CreatedOnToolsVersion = 13.4.1;
						TestTargetID = C0DDC76D28A37C5C001AE986;
					};
					C0DDC78728A37C5E001AE986 = {
						CreatedOnToolsVersion = 13.4.1;
						TestTargetID = C0DDC76D28A37C5C001AE986;
					};
				};
			};
			buildConfigurationList = C0DDC76928A37C5C001AE986 /* Build configuration list for PBXProject "ChatBot_Ex" */;
			compatibilityVersion = "Xcode 13.0";
			developmentRegion = en;
			hasScannedForEncodings = 0;
			knownRegions = (
				en,
				Base,
			);
			mainGroup = C0DDC76528A37C5C001AE986;
			productRefGroup = C0DDC76F28A37C5C001AE986 /* Products */;
			projectDirPath = "";
			projectRoot = "";
			targets = (
				C0DDC76D28A37C5C001AE986 /* ChatBot_Ex */,
				C0DDC77D28A37C5E001AE986 /* ChatBot_ExTests */,
				C0DDC78728A37C5E001AE986 /* ChatBot_ExUITests */,
			);
		};
/* End PBXProject section */

/* Begin PBXResourcesBuildPhase section */
		C0DDC76C28A37C5C001AE986 /* Resources */ = {
			isa = PBXResourcesBuildPhase;
			buildActionMask = 2147483647;
			files = (
				C0DDC77928A37C5E001AE986 /* Preview Assets.xcassets in Resources */,
				C0DDC77628A37C5E001AE986 /* Assets.xcassets in Resources */,
			);
			runOnlyForDeploymentPostprocessing = 0;
		};
		C0DDC77C28A37C5E001AE986 /* Resources */ = {
			isa = PBXResourcesBuildPhase;
			buildActionMask = 2147483647;
			files = (
			);
			runOnlyForDeploymentPostprocessing = 0;
		};
		C0DDC78628A37C5E001AE986 /* Resources */ = {
			isa = PBXResourcesBuildPhase;
			buildActionMask = 2147483647;
			files = (
			);
			runOnlyForDeploymentPostprocessing = 0;
		};
/* End PBXResourcesBuildPhase section */

/* Begin PBXSourcesBuildPhase section */
		C0DDC76A28A37C5C001AE986 /* Sources */ = {
			isa = PBXSourcesBuildPhase;
			buildActionMask = 2147483647;
			files = (
				C0DDC77428A37C5C001AE986 /* ContentView.swift in Sources */,
				C0DDC77228A37C5C001AE986 /* ChatBot_ExApp.swift in Sources */,
				C0DDC79C28A382ED001AE986 /* BotResponse.swift in Sources */,
			);
			runOnlyForDeploymentPostprocessing = 0;
		};
		C0DDC77A28A37C5E001AE986 /* Sources */ = {
			isa = PBXSourcesBuildPhase;
			buildActionMask = 2147483647;
			files = (
				C0DDC78328A37C5E001AE986 /* ChatBot_ExTests.swift in Sources */,
			);
			runOnlyForDeploymentPostprocessing = 0;
		};
		C0DDC78428A37C5E001AE986 /* Sources */ = {
			isa = PBXSourcesBuildPhase;
			buildActionMask = 2147483647;
			files = (
				C0DDC78D28A37C5E001AE986 /* ChatBot_ExUITests.swift in Sources */,
				C0DDC78F28A37C5E001AE986 /* ChatBot_ExUITestsLaunchTests.swift in Sources */,
			);
			runOnlyForDeploymentPostprocessing = 0;
		};
/* End PBXSourcesBuildPhase section */

/* Begin PBXTargetDependency section */
		C0DDC78028A37C5E001AE986 /* PBXTargetDependency */ = {
			isa = PBXTargetDependency;
			target = C0DDC76D28A37C5C001AE986 /* ChatBot_Ex */;
			targetProxy = C0DDC77F28A37C5E001AE986 /* PBXContainerItemProxy */;
		};
		C0DDC78A28A37C5E001AE986 /* PBXTargetDependency */ = {
			isa = PBXTargetDependency;
			target = C0DDC76D28A37C5C001AE986 /* ChatBot_Ex */;
			targetProxy = C0DDC78928A37C5E001AE986 /* PBXContainerItemProxy */;
		};
/* End PBXTargetDependency section */

/* Begin XCBuildConfiguration section */
		C0DDC79028A37C5E001AE986 /* Debug */ = {
			isa = XCBuildConfiguration;
			buildSettings = {
				ALWAYS_SEARCH_USER_PATHS = NO;
				CLANG_ANALYZER_NONNULL = YES;
				CLANG_ANALYZER_NUMBER_OBJECT_CONVERSION = YES_AGGRESSIVE;
				CLANG_CXX_LANGUAGE_STANDARD = "gnu++17";
				CLANG_ENABLE_MODULES = YES;
				CLANG_ENABLE_OBJC_ARC = YES;
				CLANG_ENABLE_OBJC_WEAK = YES;
				CLANG_WARN_BLOCK_CAPTURE_AUTORELEASING = YES;
				CLANG_WARN_BOOL_CONVERSION = YES;
				CLANG_WARN_COMMA = YES;
				CLANG_WARN_CONSTANT_CONVERSION = YES;
				CLANG_WARN_DEPRECATED_OBJC_IMPLEMENTATIONS = YES;
				CLANG_WARN_DIRECT_OBJC_ISA_USAGE = YES_ERROR;
				CLANG_WARN_DOCUMENTATION_COMMENTS = YES;
				CLANG_WARN_EMPTY_BODY = YES;
				CLANG_WARN_ENUM_CONVERSION = YES;
				CLANG_WARN_INFINITE_RECURSION = YES;
				CLANG_WARN_INT_CONVERSION = YES;
				CLANG_WARN_NON_LITERAL_NULL_CONVERSION = YES;
				CLANG_WARN_OBJC_IMPLICIT_RETAIN_SELF = YES;
				CLANG_WARN_OBJC_LITERAL_CONVERSION = YES;
				CLANG_WARN_OBJC_ROOT_CLASS = YES_ERROR;
				CLANG_WARN_QUOTED_INCLUDE_IN_FRAMEWORK_HEADER = YES;
				CLANG_WARN_RANGE_LOOP_ANALYSIS = YES;
				CLANG_WARN_STRICT_PROTOTYPES = YES;
				CLANG_WARN_SUSPICIOUS_MOVE = YES;
				CLANG_WARN_UNGUARDED_AVAILABILITY = YES_AGGRESSIVE;
				CLANG_WARN_UNREACHABLE_CODE = YES;
				CLANG_WARN__DUPLICATE_METHOD_MATCH = YES;
				COPY_PHASE_STRIP = NO;
				DEBUG_INFORMATION_FORMAT = dwarf;
				ENABLE_STRICT_OBJC_MSGSEND = YES;
				ENABLE_TESTABILITY = YES;
				GCC_C_LANGUAGE_STANDARD = gnu11;
				GCC_DYNAMIC_NO_PIC = NO;
				GCC_NO_COMMON_BLOCKS = YES;
				GCC_OPTIMIZATION_LEVEL = 0;
				GCC_PREPROCESSOR_DEFINITIONS = (
					"DEBUG=1",
					"$(inherited)",
				);
				GCC_WARN_64_TO_32_BIT_CONVERSION = YES;
				GCC_WARN_ABOUT_RETURN_TYPE = YES_ERROR;
				GCC_WARN_UNDECLARED_SELECTOR = YES;
				GCC_WARN_UNINITIALIZED_AUTOS = YES_AGGRESSIVE;
				GCC_WARN_UNUSED_FUNCTION = YES;
				GCC_WARN_UNUSED_VARIABLE = YES;
				IPHONEOS_DEPLOYMENT_TARGET = 15.5;
				MTL_ENABLE_DEBUG_INFO = INCLUDE_SOURCE;
				MTL_FAST_MATH = YES;
				ONLY_ACTIVE_ARCH = YES;
				SDKROOT = iphoneos;
				SWIFT_ACTIVE_COMPILATION_CONDITIONS = DEBUG;
				SWIFT_OPTIMIZATION_LEVEL = "-Onone";
			};
			name = Debug;
		};
		C0DDC79128A37C5E001AE986 /* Release */ = {
			isa = XCBuildConfiguration;
			buildSettings = {
				ALWAYS_SEARCH_USER_PATHS = NO;
				CLANG_ANALYZER_NONNULL = YES;
				CLANG_ANALYZER_NUMBER_OBJECT_CONVERSION = YES_AGGRESSIVE;
				CLANG_CXX_LANGUAGE_STANDARD = "gnu++17";
				CLANG_ENABLE_MODULES = YES;
				CLANG_ENABLE_OBJC_ARC = YES;
				CLANG_ENABLE_OBJC_WEAK = YES;
				CLANG_WARN_BLOCK_CAPTURE_AUTORELEASING = YES;
				CLANG_WARN_BOOL_CONVERSION = YES;
				CLANG_WARN_COMMA = YES;
				CLANG_WARN_CONSTANT_CONVERSION = YES;
				CLANG_WARN_DEPRECATED_OBJC_IMPLEMENTATIONS = YES;
				CLANG_WARN_DIRECT_OBJC_ISA_USAGE = YES_ERROR;
				CLANG_WARN_DOCUMENTATION_COMMENTS = YES;
				CLANG_WARN_EMPTY_BODY = YES;
				CLANG_WARN_ENUM_CONVERSION = YES;
				CLANG_WARN_INFINITE_RECURSION = YES;
				CLANG_WARN_INT_CONVERSION = YES;
				CLANG_WARN_NON_LITERAL_NULL_CONVERSION = YES;
				CLANG_WARN_OBJC_IMPLICIT_RETAIN_SELF = YES;
				CLANG_WARN_OBJC_LITERAL_CONVERSION = YES;
				CLANG_WARN_OBJC_ROOT_CLASS = YES_ERROR;
				CLANG_WARN_QUOTED_INCLUDE_IN_FRAMEWORK_HEADER = YES;
				CLANG_WARN_RANGE_LOOP_ANALYSIS = YES;
				CLANG_WARN_STRICT_PROTOTYPES = YES;
				CLANG_WARN_SUSPICIOUS_MOVE = YES;
				CLANG_WARN_UNGUARDED_AVAILABILITY = YES_AGGRESSIVE;
				CLANG_WARN_UNREACHABLE_CODE = YES;
				CLANG_WARN__DUPLICATE_METHOD_MATCH = YES;
				COPY_PHASE_STRIP = NO;
				DEBUG_INFORMATION_FORMAT = "dwarf-with-dsym";
				ENABLE_NS_ASSERTIONS = NO;
				ENABLE_STRICT_OBJC_MSGSEND = YES;
				GCC_C_LANGUAGE_STANDARD = gnu11;
				GCC_NO_COMMON_BLOCKS = YES;
				GCC_WARN_64_TO_32_BIT_CONVERSION = YES;
				GCC_WARN_ABOUT_RETURN_TYPE = YES_ERROR;
				GCC_WARN_UNDECLARED_SELECTOR = YES;
				GCC_WARN_UNINITIALIZED_AUTOS = YES_AGGRESSIVE;
				GCC_WARN_UNUSED_FUNCTION = YES;
				GCC_WARN_UNUSED_VARIABLE = YES;
				IPHONEOS_DEPLOYMENT_TARGET = 15.5;
				MTL_ENABLE_DEBUG_INFO = NO;
				MTL_FAST_MATH = YES;
				SDKROOT = iphoneos;
				SWIFT_COMPILATION_MODE = wholemodule;
				SWIFT_OPTIMIZATION_LEVEL = "-O";
				VALIDATE_PRODUCT = YES;
			};
			name = Release;
		};
		C0DDC79328A37C5E001AE986 /* Debug */ = {
			isa = XCBuildConfiguration;
			buildSettings = {
				ASSETCATALOG_COMPILER_APPICON_NAME = AppIcon;
				ASSETCATALOG_COMPILER_GLOBAL_ACCENT_COLOR_NAME = AccentColor;
				CODE_SIGN_STYLE = Automatic;
				CURRENT_PROJECT_VERSION = 1;
				DEVELOPMENT_ASSET_PATHS = "\"ChatBot_Ex/Preview Content\"";
				DEVELOPMENT_TEAM = 6NDM2TJS37;
				ENABLE_PREVIEWS = YES;
				GENERATE_INFOPLIST_FILE = YES;
				INFOPLIST_KEY_UIApplicationSceneManifest_Generation = YES;
				INFOPLIST_KEY_UIApplicationSupportsIndirectInputEvents = YES;
				INFOPLIST_KEY_UILaunchScreen_Generation = YES;
				INFOPLIST_KEY_UISupportedInterfaceOrientations_iPad = "UIInterfaceOrientationPortrait UIInterfaceOrientationPortraitUpsideDown UIInterfaceOrientationLandscapeLeft UIInterfaceOrientationLandscapeRight";
				INFOPLIST_KEY_UISupportedInterfaceOrientations_iPhone = "UIInterfaceOrientationPortrait UIInterfaceOrientationLandscapeLeft UIInterfaceOrientationLandscapeRight";
				LD_RUNPATH_SEARCH_PATHS = (
					"$(inherited)",
					"@executable_path/Frameworks",
				);
				MARKETING_VERSION = 1.0;
				PRODUCT_BUNDLE_IDENTIFIER = "kr.ac.induk.pjy.ChatBot-Ex";
				PRODUCT_NAME = "$(TARGET_NAME)";
				SWIFT_EMIT_LOC_STRINGS = YES;
				SWIFT_VERSION = 5.0;
				TARGETED_DEVICE_FAMILY = "1,2";
			};
			name = Debug;
		};
		C0DDC79428A37C5E001AE986 /* Release */ = {
			isa = XCBuildConfiguration;
			buildSettings = {
				ASSETCATALOG_COMPILER_APPICON_NAME = AppIcon;
				ASSETCATALOG_COMPILER_GLOBAL_ACCENT_COLOR_NAME = AccentColor;
				CODE_SIGN_STYLE = Automatic;
				CURRENT_PROJECT_VERSION = 1;
				DEVELOPMENT_ASSET_PATHS = "\"ChatBot_Ex/Preview Content\"";
				DEVELOPMENT_TEAM = 6NDM2TJS37;
				ENABLE_PREVIEWS = YES;
				GENERATE_INFOPLIST_FILE = YES;
				INFOPLIST_KEY_UIApplicationSceneManifest_Generation = YES;
				INFOPLIST_KEY_UIApplicationSupportsIndirectInputEvents = YES;
				INFOPLIST_KEY_UILaunchScreen_Generation = YES;
				INFOPLIST_KEY_UISupportedInterfaceOrientations_iPad = "UIInterfaceOrientationPortrait UIInterfaceOrientationPortraitUpsideDown UIInterfaceOrientationLandscapeLeft UIInterfaceOrientationLandscapeRight";
				INFOPLIST_KEY_UISupportedInterfaceOrientations_iPhone = "UIInterfaceOrientationPortrait UIInterfaceOrientationLandscapeLeft UIInterfaceOrientationLandscapeRight";
				LD_RUNPATH_SEARCH_PATHS = (
					"$(inherited)",
					"@executable_path/Frameworks",
				);
				MARKETING_VERSION = 1.0;
				PRODUCT_BUNDLE_IDENTIFIER = "kr.ac.induk.pjy.ChatBot-Ex";
				PRODUCT_NAME = "$(TARGET_NAME)";
				SWIFT_EMIT_LOC_STRINGS = YES;
				SWIFT_VERSION = 5.0;
				TARGETED_DEVICE_FAMILY = "1,2";
			};
			name = Release;
		};
		C0DDC79628A37C5E001AE986 /* Debug */ = {
			isa = XCBuildConfiguration;
			buildSettings = {
				ALWAYS_EMBED_SWIFT_STANDARD_LIBRARIES = YES;
				BUNDLE_LOADER = "$(TEST_HOST)";
				CODE_SIGN_STYLE = Automatic;
				CURRENT_PROJECT_VERSION = 1;
				DEVELOPMENT_TEAM = 6NDM2TJS37;
				GENERATE_INFOPLIST_FILE = YES;
				IPHONEOS_DEPLOYMENT_TARGET = 15.5;
				MARKETING_VERSION = 1.0;
				PRODUCT_BUNDLE_IDENTIFIER = "kr.ac.induk.pjy.ChatBot-ExTests";
				PRODUCT_NAME = "$(TARGET_NAME)";
				SWIFT_EMIT_LOC_STRINGS = NO;
				SWIFT_VERSION = 5.0;
				TARGETED_DEVICE_FAMILY = "1,2";
				TEST_HOST = "$(BUILT_PRODUCTS_DIR)/ChatBot_Ex.app/ChatBot_Ex";
			};
			name = Debug;
		};
		C0DDC79728A37C5E001AE986 /* Release */ = {
			isa = XCBuildConfiguration;
			buildSettings = {
				ALWAYS_EMBED_SWIFT_STANDARD_LIBRARIES = YES;
				BUNDLE_LOADER = "$(TEST_HOST)";
				CODE_SIGN_STYLE = Automatic;
				CURRENT_PROJECT_VERSION = 1;
				DEVELOPMENT_TEAM = 6NDM2TJS37;
				GENERATE_INFOPLIST_FILE = YES;
				IPHONEOS_DEPLOYMENT_TARGET = 15.5;
				MARKETING_VERSION = 1.0;
				PRODUCT_BUNDLE_IDENTIFIER = "kr.ac.induk.pjy.ChatBot-ExTests";
				PRODUCT_NAME = "$(TARGET_NAME)";
				SWIFT_EMIT_LOC_STRINGS = NO;
				SWIFT_VERSION = 5.0;
				TARGETED_DEVICE_FAMILY = "1,2";
				TEST_HOST = "$(BUILT_PRODUCTS_DIR)/ChatBot_Ex.app/ChatBot_Ex";
			};
			name = Release;
		};
		C0DDC79928A37C5E001AE986 /* Debug */ = {
			isa = XCBuildConfiguration;
			buildSettings = {
				ALWAYS_EMBED_SWIFT_STANDARD_LIBRARIES = YES;
				CODE_SIGN_STYLE = Automatic;
				CURRENT_PROJECT_VERSION = 1;
				DEVELOPMENT_TEAM = 6NDM2TJS37;
				GENERATE_INFOPLIST_FILE = YES;
				MARKETING_VERSION = 1.0;
				PRODUCT_BUNDLE_IDENTIFIER = "kr.ac.induk.pjy.ChatBot-ExUITests";
				PRODUCT_NAME = "$(TARGET_NAME)";
				SWIFT_EMIT_LOC_STRINGS = NO;
				SWIFT_VERSION = 5.0;
				TARGETED_DEVICE_FAMILY = "1,2";
				TEST_TARGET_NAME = ChatBot_Ex;
			};
			name = Debug;
		};
		C0DDC79A28A37C5E001AE986 /* Release */ = {
			isa = XCBuildConfiguration;
			buildSettings = {
				ALWAYS_EMBED_SWIFT_STANDARD_LIBRARIES = YES;
				CODE_SIGN_STYLE = Automatic;
				CURRENT_PROJECT_VERSION = 1;
				DEVELOPMENT_TEAM = 6NDM2TJS37;
				GENERATE_INFOPLIST_FILE = YES;
				MARKETING_VERSION = 1.0;
				PRODUCT_BUNDLE_IDENTIFIER = "kr.ac.induk.pjy.ChatBot-ExUITests";
				PRODUCT_NAME = "$(TARGET_NAME)";
				SWIFT_EMIT_LOC_STRINGS = NO;
				SWIFT_VERSION = 5.0;
				TARGETED_DEVICE_FAMILY = "1,2";
				TEST_TARGET_NAME = ChatBot_Ex;
			};
			name = Release;
		};
/* End XCBuildConfiguration section */

/* Begin XCConfigurationList section */
		C0DDC76928A37C5C001AE986 /* Build configuration list for PBXProject "ChatBot_Ex" */ = {
			isa = XCConfigurationList;
			buildConfigurations = (
				C0DDC79028A37C5E001AE986 /* Debug */,
				C0DDC79128A37C5E001AE986 /* Release */,
			);
			defaultConfigurationIsVisible = 0;
			defaultConfigurationName = Release;
		};
		C0DDC79228A37C5E001AE986 /* Build configuration list for PBXNativeTarget "ChatBot_Ex" */ = {
			isa = XCConfigurationList;
			buildConfigurations = (
				C0DDC79328A37C5E001AE986 /* Debug */,
				C0DDC79428A37C5E001AE986 /* Release */,
			);
			defaultConfigurationIsVisible = 0;
			defaultConfigurationName = Release;
		};
		C0DDC79528A37C5E001AE986 /* Build configuration list for PBXNativeTarget "ChatBot_ExTests" */ = {
			isa = XCConfigurationList;
			buildConfigurations = (
				C0DDC79628A37C5E001AE986 /* Debug */,
				C0DDC79728A37C5E001AE986 /* Release */,
			);
			defaultConfigurationIsVisible = 0;
			defaultConfigurationName = Release;
		};
		C0DDC79828A37C5E001AE986 /* Build configuration list for PBXNativeTarget "ChatBot_ExUITests" */ = {
			isa = XCConfigurationList;
			buildConfigurations = (
				C0DDC79928A37C5E001AE986 /* Debug */,
				C0DDC79A28A37C5E001AE986 /* Release */,
			);
			defaultConfigurationIsVisible = 0;
			defaultConfigurationName = Release;
		};
/* End XCConfigurationList section */
	};
	rootObject = C0DDC76628A37C5C001AE986 /* Project object */;
}
